
Microsoft Visual Studio Solution File, Format Version 12.00
# Visual Studio Version 17
VisualStudioVersion = 17.0.31903.59
MinimumVisualStudioVersion = 10.0.40219.1
Project("{FAE04EC0-301F-11D3-BF4B-00C04F79EFBC}") = "N10Tester", "N10Tester.csproj", "{C99D3928-9E2F-401D-B241-0DB07A70DACC}"
EndProject
Global
	GlobalSection(SolutionConfigurationPlatforms) = preSolution
		Debug|Any CPU = Debug|Any CPU
		Release|Any CPU = Release|Any CPU
	EndGlobalSection
	GlobalSection(SolutionProperties) = preSolution
		HideSolutionNode = FALSE
	EndGlobalSection
	GlobalSection(ProjectConfigurationPlatforms) = postSolution
		{C99D3928-9E2F-401D-B241-0DB07A70DACC}.Debug|Any CPU.ActiveCfg = Debug|Any CPU
		{C99D3928-9E2F-401D-B241-0DB07A70DACC}.Debug|Any CPU.Build.0 = Debug|Any CPU
		{C99D3928-9E2F-401D-B241-0DB07A70DACC}.Release|Any CPU.ActiveCfg = Release|Any CPU
		{C99D3928-9E2F-401D-B241-0DB07A70DACC}.Release|Any CPU.Build.0 = Release|Any CPU
	EndGlobalSection
EndGlobal
